
Microsoft Visual Studio Solution File, Format Version 12.00
# Visual Studio Version 17
VisualStudioVersion = 17.6.33815.320
MinimumVisualStudioVersion = 10.0.40219.1
Project("{FAE04EC0-301F-11D3-BF4B-00C04F79EFBC}") = "Alarm.Api", "Alarm.Api\Alarm.Api.csproj", "{71E7BD26-D9BC-4803-B9CB-3C331F0FEC5F}"
EndProject
Global
	GlobalSection(SolutionConfigurationPlatforms) = preSolution
		Debug|Any CPU = Debug|Any CPU
		Release|Any CPU = Release|Any CPU
	EndGlobalSection
	GlobalSection(ProjectConfigurationPlatforms) = postSolution
		{71E7BD26-D9BC-4803-B9CB-3C331F0FEC5F}.Debug|Any CPU.ActiveCfg = Debug|Any CPU
		{71E7BD26-D9BC-4803-B9CB-3C331F0FEC5F}.Debug|Any CPU.Build.0 = Debug|Any CPU
		{71E7BD26-D9BC-4803-B9CB-3C331F0FEC5F}.Release|Any CPU.ActiveCfg = Release|Any CPU
		{71E7BD26-D9BC-4803-B9CB-3C331F0FEC5F}.Release|Any CPU.Build.0 = Release|Any CPU
	EndGlobalSection
	GlobalSection(SolutionProperties) = preSolution
		HideSolutionNode = FALSE
	EndGlobalSection
	GlobalSection(ExtensibilityGlobals) = postSolution
		SolutionGuid = {2A6671C0-BF6B-4F72-B3E0-E989DB6224CB}
	EndGlobalSection
EndGlobal
